
Microsoft Visual Studio Solution File, Format Version 12.00
# Visual Studio Version 16
VisualStudioVersion = 16.0.32630.194
MinimumVisualStudioVersion = 10.0.40219.1
Project("{FAE04EC0-301F-11D3-BF4B-00C04F79EFBC}") = "SubdomainFinder", "SubdomainFinder\SubdomainFinder.csproj", "{0482B370-5E6F-4060-AF85-773A457362D1}"
EndProject
Global
	GlobalSection(SolutionConfigurationPlatforms) = preSolution
		Debug|Any CPU = Debug|Any CPU
		Release|Any CPU = Release|Any CPU
	EndGlobalSection
	GlobalSection(ProjectConfigurationPlatforms) = postSolution
		{0482B370-5E6F-4060-AF85-773A457362D1}.Debug|Any CPU.ActiveCfg = Debug|Any CPU
		{0482B370-5E6F-4060-AF85-773A457362D1}.Debug|Any CPU.Build.0 = Debug|Any CPU
		{0482B370-5E6F-4060-AF85-773A457362D1}.Release|Any CPU.ActiveCfg = Release|Any CPU
		{0482B370-5E6F-4060-AF85-773A457362D1}.Release|Any CPU.Build.0 = Release|Any CPU
	EndGlobalSection
	GlobalSection(SolutionProperties) = preSolution
		HideSolutionNode = FALSE
	EndGlobalSection
	GlobalSection(ExtensibilityGlobals) = postSolution
		SolutionGuid = {3BB696EE-8A31-4D1A-9A73-D282151F4070}
	EndGlobalSection
EndGlobal
